
Microsoft Visual Studio Solution File, Format Version 12.00
# Visual Studio Version 16
VisualStudioVersion = 16.0.29025.244
MinimumVisualStudioVersion = 10.0.40219.1
Project("{FAE04EC0-301F-11D3-BF4B-00C04F79EFBC}") = "PersonalDataGenerator", "PersonalDataGenerator.csproj", "{77A9397C-37BA-4144-A1FA-120FA11BE9F8}"
EndProject
Global
	GlobalSection(SolutionConfigurationPlatforms) = preSolution
		Debug|Any CPU = Debug|Any CPU
		Release|Any CPU = Release|Any CPU
	EndGlobalSection
	GlobalSection(ProjectConfigurationPlatforms) = postSolution
		{77A9397C-37BA-4144-A1FA-120FA11BE9F8}.Debug|Any CPU.ActiveCfg = Debug|Any CPU
		{77A9397C-37BA-4144-A1FA-120FA11BE9F8}.Debug|Any CPU.Build.0 = Debug|Any CPU
		{77A9397C-37BA-4144-A1FA-120FA11BE9F8}.Release|Any CPU.ActiveCfg = Release|Any CPU
		{77A9397C-37BA-4144-A1FA-120FA11BE9F8}.Release|Any CPU.Build.0 = Release|Any CPU
	EndGlobalSection
	GlobalSection(SolutionProperties) = preSolution
		HideSolutionNode = FALSE
	EndGlobalSection
	GlobalSection(ExtensibilityGlobals) = postSolution
		SolutionGuid = {7A5FB2AB-6061-4346-B798-ECEEFBBE968C}
	EndGlobalSection
EndGlobal
